
Microsoft Visual Studio Solution File, Format Version 12.00
# Visual Studio Version 17
VisualStudioVersion = 17.11.35303.130
MinimumVisualStudioVersion = 10.0.40219.1
Project("{FAE04EC0-301F-11D3-BF4B-00C04F79EFBC}") = "ButikSinemaUygulamasi_TP195", "ButikSinemaUygulamasi_TP195\ButikSinemaUygulamasi_TP195.csproj", "{0E107040-E861-40C1-B062-7A116EA7E70F}"
EndProject
Global
	GlobalSection(SolutionConfigurationPlatforms) = preSolution
		Debug|Any CPU = Debug|Any CPU
		Release|Any CPU = Release|Any CPU
	EndGlobalSection
	GlobalSection(ProjectConfigurationPlatforms) = postSolution
		{0E107040-E861-40C1-B062-7A116EA7E70F}.Debug|Any CPU.ActiveCfg = Debug|Any CPU
		{0E107040-E861-40C1-B062-7A116EA7E70F}.Debug|Any CPU.Build.0 = Debug|Any CPU
		{0E107040-E861-40C1-B062-7A116EA7E70F}.Release|Any CPU.ActiveCfg = Release|Any CPU
		{0E107040-E861-40C1-B062-7A116EA7E70F}.Release|Any CPU.Build.0 = Release|Any CPU
	EndGlobalSection
	GlobalSection(SolutionProperties) = preSolution
		HideSolutionNode = FALSE
	EndGlobalSection
	GlobalSection(ExtensibilityGlobals) = postSolution
		SolutionGuid = {78ADD95E-A356-42F2-9F36-8AC233890807}
	EndGlobalSection
EndGlobal
